// !$*UTF8*$!
{
	archiveVersion = 1;
	classes = {
	};
	objectVersion = 46;
	objects = {

/* Begin PBXBuildFile section */
		5C64377514DEA7E1005E429E /* UIKit.framework in Frameworks */ = {isa = PBXBuildFile; fileRef = 5C64377414DEA7E1005E429E /* UIKit.framework */; };
		5C64377714DEA7E1005E429E /* Foundation.framework in Frameworks */ = {isa = PBXBuildFile; fileRef = 5C64377614DEA7E1005E429E /* Foundation.framework */; };
		5C64377914DEA7E1005E429E /* CoreGraphics.framework in Frameworks */ = {isa = PBXBuildFile; fileRef = 5C64377814DEA7E1005E429E /* CoreGraphics.framework */; };
		5C64377F14DEA7E1005E429E /* InfoPlist.strings in Resources */ = {isa = PBXBuildFile; fileRef = 5C64377D14DEA7E1005E429E /* InfoPlist.strings */; };
		5C64378114DEA7E1005E429E /* main.m in Sources */ = {isa = PBXBuildFile; fileRef = 5C64378014DEA7E1005E429E /* main.m */; };
		5C64378514DEA7E1005E429E /* AppDelegate.m in Sources */ = {isa = PBXBuildFile; fileRef = 5C64378414DEA7E1005E429E /* AppDelegate.m */; };
		5C64378814DEA7E2005E429E /* MainStoryboard.storyboard in Resources */ = {isa = PBXBuildFile; fileRef = 5C64378614DEA7E2005E429E /* MainStoryboard.storyboard */; };
		5C64378B14DEA7E2005E429E /* ViewController.m in Sources */ = {isa = PBXBuildFile; fileRef = 5C64378A14DEA7E2005E429E /* ViewController.m */; };
		5C64379314DEA7E3005E429E /* SenTestingKit.framework in Frameworks */ = {isa = PBXBuildFile; fileRef = 5C64379214DEA7E3005E429E /* SenTestingKit.framework */; };
		5C64379414DEA7E3005E429E /* UIKit.framework in Frameworks */ = {isa = PBXBuildFile; fileRef = 5C64377414DEA7E1005E429E /* UIKit.framework */; };
		5C64379514DEA7E3005E429E /* Foundation.framework in Frameworks */ = {isa = PBXBuildFile; fileRef = 5C64377614DEA7E1005E429E /* Foundation.framework */; };
		5C64379D14DEA7E3005E429E /* InfoPlist.strings in Resources */ = {isa = PBXBuildFile; fileRef = 5C64379B14DEA7E3005E429E /* InfoPlist.strings */; };
		5C6437A014DEA7E4005E429E /* VenuesTests.m in Sources */ = {isa = PBXBuildFile; fileRef = 5C64379F14DEA7E4005E429E /* VenuesTests.m */; };
/* End PBXBuildFile section */

/* Begin PBXContainerItemProxy section */
		5C64379614DEA7E3005E429E /* PBXContainerItemProxy */ = {
			isa = PBXContainerItemProxy;
			containerPortal = 5C64376714DEA7DE005E429E /* Project object */;
			proxyType = 1;
			remoteGlobalIDString = 5C64376F14DEA7E0005E429E;
			remoteInfo = Venues;
		};
/* End PBXContainerItemProxy section */

/* Begin PBXFileReference section */
		5C64377014DEA7E1005E429E /* Venues.app */ = {isa = PBXFileReference; explicitFileType = wrapper.application; includeInIndex = 0; path = Venues.app; sourceTree = BUILT_PRODUCTS_DIR; };
		5C64377414DEA7E1005E429E /* UIKit.framework */ = {isa = PBXFileReference; lastKnownFileType = wrapper.framework; name = UIKit.framework; path = System/Library/Frameworks/UIKit.framework; sourceTree = SDKROOT; };
		5C64377614DEA7E1005E429E /* Foundation.framework */ = {isa = PBXFileReference; lastKnownFileType = wrapper.framework; name = Foundation.framework; path = System/Library/Frameworks/Foundation.framework; sourceTree = SDKROOT; };
		5C64377814DEA7E1005E429E /* CoreGraphics.framework */ = {isa = PBXFileReference; lastKnownFileType = wrapper.framework; name = CoreGraphics.framework; path = System/Library/Frameworks/CoreGraphics.framework; sourceTree = SDKROOT; };
		5C64377C14DEA7E1005E429E /* Venues-Info.plist */ = {isa = PBXFileReference; path = "Venues-Info.plist"; sourceTree = "<group>"; };
		5C64377E14DEA7E1005E429E /* en */ = {isa = PBXFileReference; lastKnownFileType = text.plist.strings; name = en; path = en.lproj/InfoPlist.strings; sourceTree = "<group>"; };
		5C64378014DEA7E1005E429E /* main.m */ = {isa = PBXFileReference; lastKnownFileType = sourcecode.c.objc; path = main.m; sourceTree = "<group>"; };
		5C64378214DEA7E1005E429E /* Venues-Prefix.pch */ = {isa = PBXFileReference; path = "Venues-Prefix.pch"; sourceTree = "<group>"; };
		5C64378314DEA7E1005E429E /* AppDelegate.h */ = {isa = PBXFileReference; path = AppDelegate.h; sourceTree = "<group>"; };
		5C64378414DEA7E1005E429E /* AppDelegate.m */ = {isa = PBXFileReference; lastKnownFileType = sourcecode.c.objc; path = AppDelegate.m; sourceTree = "<group>"; };
		5C64378714DEA7E2005E429E /* en */ = {isa = PBXFileReference; lastKnownFileType = file.storyboard; name = en; path = en.lproj/MainStoryboard.storyboard; sourceTree = "<group>"; };
		5C64378914DEA7E2005E429E /* ViewController.h */ = {isa = PBXFileReference; path = ViewController.h; sourceTree = "<group>"; };
		5C64378A14DEA7E2005E429E /* ViewController.m */ = {isa = PBXFileReference; lastKnownFileType = sourcecode.c.objc; path = ViewController.m; sourceTree = "<group>"; };
		5C64379114DEA7E3005E429E /* VenuesTests.octest */ = {isa = PBXFileReference; explicitFileType = wrapper.cfbundle; includeInIndex = 0; path = VenuesTests.octest; sourceTree = BUILT_PRODUCTS_DIR; };
		5C64379214DEA7E3005E429E /* SenTestingKit.framework */ = {isa = PBXFileReference; lastKnownFileType = wrapper.framework; name = SenTestingKit.framework; path = Library/Frameworks/SenTestingKit.framework; sourceTree = DEVELOPER_DIR; };
		5C64379A14DEA7E3005E429E /* VenuesTests-Info.plist */ = {isa = PBXFileReference; path = "VenuesTests-Info.plist"; sourceTree = "<group>"; };
		5C64379C14DEA7E3005E429E /* en */ = {isa = PBXFileReference; lastKnownFileType = text.plist.strings; name = en; path = en.lproj/InfoPlist.strings; sourceTree = "<group>"; };
		5C64379E14DEA7E4005E429E /* VenuesTests.h */ = {isa = PBXFileReference; path = VenuesTests.h; sourceTree = "<group>"; };
		5C64379F14DEA7E4005E429E /* VenuesTests.m */ = {isa = PBXFileReference; lastKnownFileType = sourcecode.c.objc; path = VenuesTests.m; sourceTree = "<group>"; };
/* End PBXFileReference section */

/* Begin PBXFrameworksBuildPhase section */
		5C64376D14DEA7E0005E429E /* Frameworks */ = {
			isa = PBXFrameworksBuildPhase;
			buildActionMask = 2147483647;
			files = (
				5C64377514DEA7E1005E429E /* UIKit.framework in Frameworks */,
				5C64377714DEA7E1005E429E /* Foundation.framework in Frameworks */,
				5C64377914DEA7E1005E429E /* CoreGraphics.framework in Frameworks */,
			);
			runOnlyForDeploymentPostprocessing = 0;
		};
		5C64378D14DEA7E3005E429E /* Frameworks */ = {
			isa = PBXFrameworksBuildPhase;
			buildActionMask = 2147483647;
			files = (
				5C64379314DEA7E3005E429E /* SenTestingKit.framework in Frameworks */,
				5C64379414DEA7E3005E429E /* UIKit.framework in Frameworks */,
				5C64379514DEA7E3005E429E /* Foundation.framework in Frameworks */,
			);
			runOnlyForDeploymentPostprocessing = 0;
		};
/* End PBXFrameworksBuildPhase section */

/* Begin PBXGroup section */
		5C64376514DEA7DD005E429E = {
			isa = PBXGroup;
			children = (
				5C64377A14DEA7E1005E429E /* Venues */,
				5C64379814DEA7E3005E429E /* VenuesTests */,
				5C64377314DEA7E1005E429E /* Frameworks */,
				5C64377114DEA7E1005E429E /* Products */,
			);
			sourceTree = "<group>";
		};
		5C64377114DEA7E1005E429E /* Products */ = {
			isa = PBXGroup;
			children = (
				5C64377014DEA7E1005E429E /* Venues.app */,
				5C64379114DEA7E3005E429E /* VenuesTests.octest */,
			);
			name = Products;
			sourceTree = "<group>";
		};
		5C64377314DEA7E1005E429E /* Frameworks */ = {
			isa = PBXGroup;
			children = (
				5C64377414DEA7E1005E429E /* UIKit.framework */,
				5C64377614DEA7E1005E429E /* Foundation.framework */,
				5C64377814DEA7E1005E429E /* CoreGraphics.framework */,
				5C64379214DEA7E3005E429E /* SenTestingKit.framework */,
			);
			name = Frameworks;
			sourceTree = "<group>";
		};
		5C64377A14DEA7E1005E429E /* Venues */ = {
			isa = PBXGroup;
			children = (
				5C64378314DEA7E1005E429E /* AppDelegate.h */,
				5C64378414DEA7E1005E429E /* AppDelegate.m */,
				5C64378614DEA7E2005E429E /* MainStoryboard.storyboard */,
				5C64378914DEA7E2005E429E /* ViewController.h */,
				5C64378A14DEA7E2005E429E /* ViewController.m */,
				5C64377B14DEA7E1005E429E /* Supporting Files */,
			);
			path = Venues;
			sourceTree = "<group>";
		};
		5C64377B14DEA7E1005E429E /* Supporting Files */ = {
			isa = PBXGroup;
			children = (
				5C64377C14DEA7E1005E429E /* Venues-Info.plist */,
				5C64377D14DEA7E1005E429E /* InfoPlist.strings */,
				5C64378014DEA7E1005E429E /* main.m */,
				5C64378214DEA7E1005E429E /* Venues-Prefix.pch */,
			);
			name = "Supporting Files";
			sourceTree = "<group>";
		};
		5C64379814DEA7E3005E429E /* VenuesTests */ = {
			isa = PBXGroup;
			children = (
				5C64379E14DEA7E4005E429E /* VenuesTests.h */,
				5C64379F14DEA7E4005E429E /* VenuesTests.m */,
				5C64379914DEA7E3005E429E /* Supporting Files */,
			);
			path = VenuesTests;
			sourceTree = "<group>";
		};
		5C64379914DEA7E3005E429E /* Supporting Files */ = {
			isa = PBXGroup;
			children = (
				5C64379A14DEA7E3005E429E /* VenuesTests-Info.plist */,
				5C64379B14DEA7E3005E429E /* InfoPlist.strings */,
			);
			name = "Supporting Files";
			sourceTree = "<group>";
		};
/* End PBXGroup section */

/* Begin PBXNativeTarget section */
		5C64376F14DEA7E0005E429E /* Venues */ = {
			isa = PBXNativeTarget;
			buildConfigurationList = 5C6437A314DEA7E4005E429E /* Build configuration list for PBXNativeTarget "Venues" */;
			buildPhases = (
				5C64376C14DEA7E0005E429E /* Sources */,
				5C64376D14DEA7E0005E429E /* Frameworks */,
				5C64376E14DEA7E0005E429E /* Resources */,
			);
			buildRules = (
			);
			dependencies = (
			);
			name = Venues;
			productName = Venues;
			productReference = 5C64377014DEA7E1005E429E /* Venues.app */;
			productType = "com.apple.product-type.application";
		};
		5C64379014DEA7E3005E429E /* VenuesTests */ = {
			isa = PBXNativeTarget;
			buildConfigurationList = 5C6437A614DEA7E4005E429E /* Build configuration list for PBXNativeTarget "VenuesTests" */;
			buildPhases = (
				5C64378C14DEA7E3005E429E /* Sources */,
				5C64378D14DEA7E3005E429E /* Frameworks */,
				5C64378E14DEA7E3005E429E /* Resources */,
				5C64378F14DEA7E3005E429E /* ShellScript */,
			);
			buildRules = (
			);
			dependencies = (
				5C64379714DEA7E3005E429E /* PBXTargetDependency */,
			);
			name = VenuesTests;
			productName = VenuesTests;
			productReference = 5C64379114DEA7E3005E429E /* VenuesTests.octest */;
			productType = "com.apple.product-type.bundle";
		};
/* End PBXNativeTarget section */

/* Begin PBXProject section */
		5C64376714DEA7DE005E429E /* Project object */ = {
			isa = PBXProject;
			attributes = {
				LastUpgradeCheck = 0420;
			};
			buildConfigurationList = 5C64376A14DEA7DE005E429E /* Build configuration list for PBXProject "Venues" */;
			compatibilityVersion = "Xcode 3.2";
			developmentRegion = English;
			hasScannedForEncodings = 0;
			knownRegions = (
				en,
			);
			mainGroup = 5C64376514DEA7DD005E429E;
			productRefGroup = 5C64377114DEA7E1005E429E /* Products */;
			projectDirPath = "";
			projectRoot = "";
			targets = (
				5C64376F14DEA7E0005E429E /* Venues */,
				5C64379014DEA7E3005E429E /* VenuesTests */,
			);
		};
/* End PBXProject section */

/* Begin PBXResourcesBuildPhase section */
		5C64376E14DEA7E0005E429E /* Resources */ = {
			isa = PBXResourcesBuildPhase;
			buildActionMask = 2147483647;
			files = (
				5C64377F14DEA7E1005E429E /* InfoPlist.strings in Resources */,
				5C64378814DEA7E2005E429E /* MainStoryboard.storyboard in Resources */,
			);
			runOnlyForDeploymentPostprocessing = 0;
		};
		5C64378E14DEA7E3005E429E /* Resources */ = {
			isa = PBXResourcesBuildPhase;
			buildActionMask = 2147483647;
			files = (
				5C64379D14DEA7E3005E429E /* InfoPlist.strings in Resources */,
			);
			runOnlyForDeploymentPostprocessing = 0;
		};
/* End PBXResourcesBuildPhase section */

/* Begin PBXShellScriptBuildPhase section */
		5C64378F14DEA7E3005E429E /* ShellScript */ = {
			isa = PBXShellScriptBuildPhase;
			buildActionMask = 2147483647;
			files = (
			);
			inputPaths = (
			);
			outputPaths = (
			);
			runOnlyForDeploymentPostprocessing = 0;
			shellPath = /bin/sh;
			shellScript = "# Run the unit tests in this test bundle.\n\"${SYSTEM_DEVELOPER_DIR}/Tools/RunUnitTests\"\n";
		};
/* End PBXShellScriptBuildPhase section */

/* Begin PBXSourcesBuildPhase section */
		5C64376C14DEA7E0005E429E /* Sources */ = {
			isa = PBXSourcesBuildPhase;
			buildActionMask = 2147483647;
			files = (
				5C64378114DEA7E1005E429E /* main.m in Sources */,
				5C64378514DEA7E1005E429E /* AppDelegate.m in Sources */,
				5C64378B14DEA7E2005E429E /* ViewController.m in Sources */,
			);
			runOnlyForDeploymentPostprocessing = 0;
		};
		5C64378C14DEA7E3005E429E /* Sources */ = {
			isa = PBXSourcesBuildPhase;
			buildActionMask = 2147483647;
			files = (
				5C6437A014DEA7E4005E429E /* VenuesTests.m in Sources */,
			);
			runOnlyForDeploymentPostprocessing = 0;
		};
/* End PBXSourcesBuildPhase section */

/* Begin PBXTargetDependency section */
		5C64379714DEA7E3005E429E /* PBXTargetDependency */ = {
			isa = PBXTargetDependency;
			target = 5C64376F14DEA7E0005E429E /* Venues */;
			targetProxy = 5C64379614DEA7E3005E429E /* PBXContainerItemProxy */;
		};
/* End PBXTargetDependency section */

/* Begin PBXVariantGroup section */
		5C64377D14DEA7E1005E429E /* InfoPlist.strings */ = {
			isa = PBXVariantGroup;
			children = (
				5C64377E14DEA7E1005E429E /* en */,
			);
			name = InfoPlist.strings;
			sourceTree = "<group>";
		};
		5C64378614DEA7E2005E429E /* MainStoryboard.storyboard */ = {
			isa = PBXVariantGroup;
			children = (
				5C64378714DEA7E2005E429E /* en */,
			);
			name = MainStoryboard.storyboard;
			sourceTree = "<group>";
		};
		5C64379B14DEA7E3005E429E /* InfoPlist.strings */ = {
			isa = PBXVariantGroup;
			children = (
				5C64379C14DEA7E3005E429E /* en */,
			);
			name = InfoPlist.strings;
			sourceTree = "<group>";
		};
/* End PBXVariantGroup section */

/* Begin XCBuildConfiguration section */
		5C6437A114DEA7E4005E429E /* Debug */ = {
			isa = XCBuildConfiguration;
			buildSettings = {
				ALWAYS_SEARCH_USER_PATHS = NO;
				ARCHS = "$(ARCHS_STANDARD_32_BIT)";
				CLANG_ENABLE_OBJC_ARC = YES;
				"CODE_SIGN_IDENTITY[sdk=iphoneos*]" = "iPhone Developer";
				COPY_PHASE_STRIP = NO;
				GCC_C_LANGUAGE_STANDARD = gnu99;
				GCC_DYNAMIC_NO_PIC = NO;
				GCC_OPTIMIZATION_LEVEL = 0;
				GCC_PREPROCESSOR_DEFINITIONS = (
					"DEBUG=1",
					"$(inherited)",
				);
				GCC_SYMBOLS_PRIVATE_EXTERN = NO;
				GCC_VERSION = com.apple.compilers.llvm.clang.1_0;
				GCC_WARN_ABOUT_MISSING_PROTOTYPES = YES;
				GCC_WARN_ABOUT_RETURN_TYPE = YES;
				GCC_WARN_UNUSED_VARIABLE = YES;
				IPHONEOS_DEPLOYMENT_TARGET = 5.0;
				SDKROOT = iphoneos;
			};
			name = Debug;
		};
		5C6437A214DEA7E4005E429E /* Release */ = {
			isa = XCBuildConfiguration;
			buildSettings = {
				ALWAYS_SEARCH_USER_PATHS = NO;
				ARCHS = "$(ARCHS_STANDARD_32_BIT)";
				CLANG_ENABLE_OBJC_ARC = YES;
				"CODE_SIGN_IDENTITY[sdk=iphoneos*]" = "iPhone Developer";
				COPY_PHASE_STRIP = YES;
				GCC_C_LANGUAGE_STANDARD = gnu99;
				GCC_VERSION = com.apple.compilers.llvm.clang.1_0;
				GCC_WARN_ABOUT_MISSING_PROTOTYPES = YES;
				GCC_WARN_ABOUT_RETURN_TYPE = YES;
				GCC_WARN_UNUSED_VARIABLE = YES;
				IPHONEOS_DEPLOYMENT_TARGET = 5.0;
				OTHER_CFLAGS = "-DNS_BLOCK_ASSERTIONS=1";
				SDKROOT = iphoneos;
				VALIDATE_PRODUCT = YES;
			};
			name = Release;
		};
		5C6437A414DEA7E4005E429E /* Debug */ = {
			isa = XCBuildConfiguration;
			buildSettings = {
				GCC_PRECOMPILE_PREFIX_HEADER = YES;
				GCC_PREFIX_HEADER = "Venues/Venues-Prefix.pch";
				INFOPLIST_FILE = "Venues/Venues-Info.plist";
				PRODUCT_NAME = "$(TARGET_NAME)";
				WRAPPER_EXTENSION = app;
			};
			name = Debug;
		};
		5C6437A514DEA7E4005E429E /* Release */ = {
			isa = XCBuildConfiguration;
			buildSettings = {
				GCC_PRECOMPILE_PREFIX_HEADER = YES;
				GCC_PREFIX_HEADER = "Venues/Venues-Prefix.pch";
				INFOPLIST_FILE = "Venues/Venues-Info.plist";
				PRODUCT_NAME = "$(TARGET_NAME)";
				WRAPPER_EXTENSION = app;
			};
			name = Release;
		};
		5C6437A714DEA7E4005E429E /* Debug */ = {
			isa = XCBuildConfiguration;
			buildSettings = {
				BUNDLE_LOADER = "$(BUILT_PRODUCTS_DIR)/Venues.app/Venues";
				FRAMEWORK_SEARCH_PATHS = (
					"$(SDKROOT)/Developer/Library/Frameworks",
					"$(DEVELOPER_LIBRARY_DIR)/Frameworks",
				);
				GCC_PRECOMPILE_PREFIX_HEADER = YES;
				GCC_PREFIX_HEADER = "Venues/Venues-Prefix.pch";
				INFOPLIST_FILE = "VenuesTests/VenuesTests-Info.plist";
				PRODUCT_NAME = "$(TARGET_NAME)";
				TEST_HOST = "$(BUNDLE_LOADER)";
				WRAPPER_EXTENSION = octest;
			};
			name = Debug;
		};
		5C6437A814DEA7E4005E429E /* Release */ = {
			isa = XCBuildConfiguration;
			buildSettings = {
				BUNDLE_LOADER = "$(BUILT_PRODUCTS_DIR)/Venues.app/Venues";
				FRAMEWORK_SEARCH_PATHS = (
					"$(SDKROOT)/Developer/Library/Frameworks",
					"$(DEVELOPER_LIBRARY_DIR)/Frameworks",
				);
				GCC_PRECOMPILE_PREFIX_HEADER = YES;
				GCC_PREFIX_HEADER = "Venues/Venues-Prefix.pch";
				INFOPLIST_FILE = "VenuesTests/VenuesTests-Info.plist";
				PRODUCT_NAME = "$(TARGET_NAME)";
				TEST_HOST = "$(BUNDLE_LOADER)";
				WRAPPER_EXTENSION = octest;
			};
			name = Release;
		};
/* End XCBuildConfiguration section */

/* Begin XCConfigurationList section */
		5C64376A14DEA7DE005E429E /* Build configuration list for PBXProject "Venues" */ = {
			isa = XCConfigurationList;
			buildConfigurations = (
				5C6437A114DEA7E4005E429E /* Debug */,
				5C6437A214DEA7E4005E429E /* Release */,
			);
			defaultConfigurationIsVisible = 0;
			defaultConfigurationName = Release;
		};
		5C6437A314DEA7E4005E429E /* Build configuration list for PBXNativeTarget "Venues" */ = {
			isa = XCConfigurationList;
			buildConfigurations = (
				5C6437A414DEA7E4005E429E /* Debug */,
				5C6437A514DEA7E4005E429E /* Release */,
			);
			defaultConfigurationIsVisible = 0;
		};
		5C6437A614DEA7E4005E429E /* Build configuration list for PBXNativeTarget "VenuesTests" */ = {
			isa = XCConfigurationList;
			buildConfigurations = (
				5C6437A714DEA7E4005E429E /* Debug */,
				5C6437A814DEA7E4005E429E /* Release */,
			);
			defaultConfigurationIsVisible = 0;
		};
/* End XCConfigurationList section */
	};
	rootObject = 5C64376714DEA7DE005E429E /* Project object */;
}
